
Microsoft Visual Studio Solution File, Format Version 12.00
# Visual Studio Version 17
VisualStudioVersion = 17.14.36414.22
MinimumVisualStudioVersion = 10.0.40219.1
Project("{2150E333-8FDC-42A3-9474-1A3956D46DE8}") = "Core", "Core", "{36D591C7-65C7-A0D1-1CBC-10CDE441BDC8}"
EndProject
Project("{2150E333-8FDC-42A3-9474-1A3956D46DE8}") = "Infractructure", "Infractructure", "{C9080AB7-9482-47E6-B709-7879BCCE8C7D}"
EndProject
Project("{2150E333-8FDC-42A3-9474-1A3956D46DE8}") = "Presentation", "Presentation", "{A0B51B4E-6613-4891-B8AA-484C4320A7B8}"
EndProject
Project("{FAE04EC0-301F-11D3-BF4B-00C04F79EFBC}") = "HotelBackend.Application", "HotelBackend.Application\HotelBackend.Application.csproj", "{A08A17AB-3C00-47BF-9C9F-3A5768F4E369}"
EndProject
Project("{FAE04EC0-301F-11D3-BF4B-00C04F79EFBC}") = "HotelBackend.Domain", "HotelBackend.Domain\HotelBackend.Domain.csproj", "{5168AED2-308C-460E-A11B-DA9A327F85DA}"
EndProject
Project("{FAE04EC0-301F-11D3-BF4B-00C04F79EFBC}") = "HotelBackend.Persistence", "HotelBackend.Persistence\HotelBackend.Persistence.csproj", "{D50087F9-8F40-4AFA-8A68-17AD7B831EB2}"
EndProject
Project("{FAE04EC0-301F-11D3-BF4B-00C04F79EFBC}") = "HotelBackend.WebApi", "HotelBackend.WebApi\HotelBackend.WebApi.csproj", "{DC6C3857-97A6-4625-A047-E2845AD7CA33}"
EndProject
Project("{2150E333-8FDC-42A3-9474-1A3956D46DE8}") = "Элементы решения", "Элементы решения", "{754FC069-D67B-A9D7-50A1-8D1CA196D8F1}"
	ProjectSection(SolutionItems) = preProject
		.gitignore = .gitignore
		docker-compose.yml = docker-compose.yml
	EndProjectSection
EndProject
Project("{2150E333-8FDC-42A3-9474-1A3956D46DE8}") = "Common", "Common", "{BFE9D2A8-1D48-4A25-A7BB-BB26938C7260}"
EndProject
Project("{FAE04EC0-301F-11D3-BF4B-00C04F79EFBC}") = "HotelBackend.Shared", "HotelBackend.Shared\HotelBackend.Shared.csproj", "{BC2B2BB6-F75F-4866-91E5-E215302FD31C}"
EndProject
Project("{2150E333-8FDC-42A3-9474-1A3956D46DE8}") = "Tets", "Tets", "{9E145F92-DDC5-4A2E-8098-DC384E094D40}"
EndProject
Project("{FAE04EC0-301F-11D3-BF4B-00C04F79EFBC}") = "HotelBackend.Tests", "HotelBackend.Tests\HotelBackend.Tests.csproj", "{28275829-8684-47B1-ABB8-2D33F7D33DC3}"
EndProject
Global
	GlobalSection(SolutionConfigurationPlatforms) = preSolution
		Debug|Any CPU = Debug|Any CPU
		Release|Any CPU = Release|Any CPU
	EndGlobalSection
	GlobalSection(ProjectConfigurationPlatforms) = postSolution
		{A08A17AB-3C00-47BF-9C9F-3A5768F4E369}.Debug|Any CPU.ActiveCfg = Debug|Any CPU
		{A08A17AB-3C00-47BF-9C9F-3A5768F4E369}.Debug|Any CPU.Build.0 = Debug|Any CPU
		{A08A17AB-3C00-47BF-9C9F-3A5768F4E369}.Release|Any CPU.ActiveCfg = Release|Any CPU
		{A08A17AB-3C00-47BF-9C9F-3A5768F4E369}.Release|Any CPU.Build.0 = Release|Any CPU
		{5168AED2-308C-460E-A11B-DA9A327F85DA}.Debug|Any CPU.ActiveCfg = Debug|Any CPU
		{5168AED2-308C-460E-A11B-DA9A327F85DA}.Debug|Any CPU.Build.0 = Debug|Any CPU
		{5168AED2-308C-460E-A11B-DA9A327F85DA}.Release|Any CPU.ActiveCfg = Release|Any CPU
		{5168AED2-308C-460E-A11B-DA9A327F85DA}.Release|Any CPU.Build.0 = Release|Any CPU
		{D50087F9-8F40-4AFA-8A68-17AD7B831EB2}.Debug|Any CPU.ActiveCfg = Debug|Any CPU
		{D50087F9-8F40-4AFA-8A68-17AD7B831EB2}.Debug|Any CPU.Build.0 = Debug|Any CPU
		{D50087F9-8F40-4AFA-8A68-17AD7B831EB2}.Release|Any CPU.ActiveCfg = Release|Any CPU
		{D50087F9-8F40-4AFA-8A68-17AD7B831EB2}.Release|Any CPU.Build.0 = Release|Any CPU
		{DC6C3857-97A6-4625-A047-E2845AD7CA33}.Debug|Any CPU.ActiveCfg = Debug|Any CPU
		{DC6C3857-97A6-4625-A047-E2845AD7CA33}.Debug|Any CPU.Build.0 = Debug|Any CPU
		{DC6C3857-97A6-4625-A047-E2845AD7CA33}.Release|Any CPU.ActiveCfg = Release|Any CPU
		{DC6C3857-97A6-4625-A047-E2845AD7CA33}.Release|Any CPU.Build.0 = Release|Any CPU
		{BC2B2BB6-F75F-4866-91E5-E215302FD31C}.Debug|Any CPU.ActiveCfg = Debug|Any CPU
		{BC2B2BB6-F75F-4866-91E5-E215302FD31C}.Debug|Any CPU.Build.0 = Debug|Any CPU
		{BC2B2BB6-F75F-4866-91E5-E215302FD31C}.Release|Any CPU.ActiveCfg = Release|Any CPU
		{BC2B2BB6-F75F-4866-91E5-E215302FD31C}.Release|Any CPU.Build.0 = Release|Any CPU
		{28275829-8684-47B1-ABB8-2D33F7D33DC3}.Debug|Any CPU.ActiveCfg = Debug|Any CPU
		{28275829-8684-47B1-ABB8-2D33F7D33DC3}.Debug|Any CPU.Build.0 = Debug|Any CPU
		{28275829-8684-47B1-ABB8-2D33F7D33DC3}.Release|Any CPU.ActiveCfg = Release|Any CPU
		{28275829-8684-47B1-ABB8-2D33F7D33DC3}.Release|Any CPU.Build.0 = Release|Any CPU
	EndGlobalSection
	GlobalSection(SolutionProperties) = preSolution
		HideSolutionNode = FALSE
	EndGlobalSection
	GlobalSection(NestedProjects) = preSolution
		{A08A17AB-3C00-47BF-9C9F-3A5768F4E369} = {36D591C7-65C7-A0D1-1CBC-10CDE441BDC8}
		{5168AED2-308C-460E-A11B-DA9A327F85DA} = {36D591C7-65C7-A0D1-1CBC-10CDE441BDC8}
		{D50087F9-8F40-4AFA-8A68-17AD7B831EB2} = {C9080AB7-9482-47E6-B709-7879BCCE8C7D}
		{DC6C3857-97A6-4625-A047-E2845AD7CA33} = {A0B51B4E-6613-4891-B8AA-484C4320A7B8}
		{BC2B2BB6-F75F-4866-91E5-E215302FD31C} = {BFE9D2A8-1D48-4A25-A7BB-BB26938C7260}
		{28275829-8684-47B1-ABB8-2D33F7D33DC3} = {9E145F92-DDC5-4A2E-8098-DC384E094D40}
	EndGlobalSection
	GlobalSection(ExtensibilityGlobals) = postSolution
		SolutionGuid = {9D9DF983-EE15-4E13-BF60-3830C049BBD1}
	EndGlobalSection
EndGlobal
